
Microsoft Visual Studio Solution File, Format Version 12.00
# Visual Studio 2012
Project("{FAE04EC0-301F-11D3-BF4B-00C04F79EFBC}") = "MultiLayerSignalRSample", "MultiLayerSignalRSample\MultiLayerSignalRSample.csproj", "{23A03327-08C7-4FA0-A468-03C174A4D380}"
EndProject
Project("{FAE04EC0-301F-11D3-BF4B-00C04F79EFBC}") = "MultiLayerSignalRSample.API", "MultiLayerSignalRSample.API\MultiLayerSignalRSample.API.csproj", "{9F84C965-DA41-4DAD-BA16-193521D5745A}"
EndProject
Project("{FAE04EC0-301F-11D3-BF4B-00C04F79EFBC}") = "MultiLayerSignalRSample.Domain", "MultiLayerSignalRSample.Domain\MultiLayerSignalRSample.Domain.csproj", "{45E79910-32C7-42CD-BD93-BF96619D7D3F}"
EndProject
Project("{2150E333-8FDC-42A3-9474-1A3956D46DE8}") = ".nuget", ".nuget", "{0D5352C6-539C-446A-B80E-5C7B67030C96}"
	ProjectSection(SolutionItems) = preProject
		.nuget\NuGet.Config = .nuget\NuGet.Config
		.nuget\NuGet.exe = .nuget\NuGet.exe
		.nuget\NuGet.targets = .nuget\NuGet.targets
	EndProjectSection
EndProject
Project("{FAE04EC0-301F-11D3-BF4B-00C04F79EFBC}") = "MultiLayerSignalRSample.API.Model", "MultiLayerSignalRSample.API.Model\MultiLayerSignalRSample.API.Model.csproj", "{42DBF4E8-9C16-4DA2-8C9B-6E110F21CBA6}"
EndProject
Global
	GlobalSection(SolutionConfigurationPlatforms) = preSolution
		Debug|Any CPU = Debug|Any CPU
		Release|Any CPU = Release|Any CPU
	EndGlobalSection
	GlobalSection(ProjectConfigurationPlatforms) = postSolution
		{23A03327-08C7-4FA0-A468-03C174A4D380}.Debug|Any CPU.ActiveCfg = Debug|Any CPU
		{23A03327-08C7-4FA0-A468-03C174A4D380}.Debug|Any CPU.Build.0 = Debug|Any CPU
		{23A03327-08C7-4FA0-A468-03C174A4D380}.Release|Any CPU.ActiveCfg = Release|Any CPU
		{23A03327-08C7-4FA0-A468-03C174A4D380}.Release|Any CPU.Build.0 = Release|Any CPU
		{9F84C965-DA41-4DAD-BA16-193521D5745A}.Debug|Any CPU.ActiveCfg = Debug|Any CPU
		{9F84C965-DA41-4DAD-BA16-193521D5745A}.Debug|Any CPU.Build.0 = Debug|Any CPU
		{9F84C965-DA41-4DAD-BA16-193521D5745A}.Release|Any CPU.ActiveCfg = Release|Any CPU
		{9F84C965-DA41-4DAD-BA16-193521D5745A}.Release|Any CPU.Build.0 = Release|Any CPU
		{45E79910-32C7-42CD-BD93-BF96619D7D3F}.Debug|Any CPU.ActiveCfg = Debug|Any CPU
		{45E79910-32C7-42CD-BD93-BF96619D7D3F}.Debug|Any CPU.Build.0 = Debug|Any CPU
		{45E79910-32C7-42CD-BD93-BF96619D7D3F}.Release|Any CPU.ActiveCfg = Release|Any CPU
		{45E79910-32C7-42CD-BD93-BF96619D7D3F}.Release|Any CPU.Build.0 = Release|Any CPU
		{42DBF4E8-9C16-4DA2-8C9B-6E110F21CBA6}.Debug|Any CPU.ActiveCfg = Debug|Any CPU
		{42DBF4E8-9C16-4DA2-8C9B-6E110F21CBA6}.Debug|Any CPU.Build.0 = Debug|Any CPU
		{42DBF4E8-9C16-4DA2-8C9B-6E110F21CBA6}.Release|Any CPU.ActiveCfg = Release|Any CPU
		{42DBF4E8-9C16-4DA2-8C9B-6E110F21CBA6}.Release|Any CPU.Build.0 = Release|Any CPU
	EndGlobalSection
	GlobalSection(SolutionProperties) = preSolution
		HideSolutionNode = FALSE
	EndGlobalSection
EndGlobal
