
Microsoft Visual Studio Solution File, Format Version 12.00
# Visual Studio 2012
Project("{FAE04EC0-301F-11D3-BF4B-00C04F79EFBC}") = "SignalRIoCScopeSample", "SignalRIoCScopeSample\SignalRIoCScopeSample.csproj", "{B98B31B2-93EB-4402-92F9-3A469E13515D}"
EndProject
Project("{2150E333-8FDC-42A3-9474-1A3956D46DE8}") = ".nuget", ".nuget", "{2D13FA58-4A10-4115-B4BA-48B224491CC9}"
	ProjectSection(SolutionItems) = preProject
		.nuget\NuGet.Config = .nuget\NuGet.Config
		.nuget\NuGet.exe = .nuget\NuGet.exe
		.nuget\NuGet.targets = .nuget\NuGet.targets
	EndProjectSection
EndProject
Global
	GlobalSection(SolutionConfigurationPlatforms) = preSolution
		Debug|Any CPU = Debug|Any CPU
		Release|Any CPU = Release|Any CPU
	EndGlobalSection
	GlobalSection(ProjectConfigurationPlatforms) = postSolution
		{B98B31B2-93EB-4402-92F9-3A469E13515D}.Debug|Any CPU.ActiveCfg = Debug|Any CPU
		{B98B31B2-93EB-4402-92F9-3A469E13515D}.Debug|Any CPU.Build.0 = Debug|Any CPU
		{B98B31B2-93EB-4402-92F9-3A469E13515D}.Release|Any CPU.ActiveCfg = Release|Any CPU
		{B98B31B2-93EB-4402-92F9-3A469E13515D}.Release|Any CPU.Build.0 = Release|Any CPU
	EndGlobalSection
	GlobalSection(SolutionProperties) = preSolution
		HideSolutionNode = FALSE
	EndGlobalSection
EndGlobal
